Microsoft Visual Studio Solution File, Format Version 12.00
# Visual Studio 14
VisualStudioVersion = 14.0.25420.1
MinimumVisualStudioVersion = 10.0.40219.1
Project("{2150E333-8FDC-42A3-9474-1A3956D46DE8}") = ".paket", ".paket", "{63297B98-5CED-492C-A5B7-A5B4F73CF142}"
	ProjectSection(SolutionItems) = preProject
		paket.dependencies = paket.dependencies
		paket.lock = paket.lock
	EndProjectSection
EndProject
Project("{2150E333-8FDC-42A3-9474-1A3956D46DE8}") = "Solution Items", "Solution Items", "{0E82FB88-E8A6-46F0-96EF-64029C81F82D}"
	ProjectSection(SolutionItems) = preProject
		src\AoC2016\puzzles\input-2016-day06.txt = src\AoC2016\puzzles\input-2016-day06.txt
		src\AoC2016\puzzles\input-2016-day09.txt = src\AoC2016\puzzles\input-2016-day09.txt
		src\AoC2016\puzzles\input-2016-day11-1.txt = src\AoC2016\puzzles\input-2016-day11-1.txt
		src\AoC2016\puzzles\input-2016-day11-2.txt = src\AoC2016\puzzles\input-2016-day11-2.txt
		README.md = README.md
	EndProjectSection
EndProject
Project("{F2A71F9B-5D33-465A-A702-920D77279786}") = "AoC.2016", "src\AoC2016.fsproj\AoC.2016.fsproj", "{AA518572-F4A4-4C54-A92D-D32DDB05102A}"
EndProject
Global
	GlobalSection(SolutionConfigurationPlatforms) = preSolution
		Debug|Any CPU = Debug|Any CPU
		Release|Any CPU = Release|Any CPU
	EndGlobalSection
	GlobalSection(ProjectConfigurationPlatforms) = postSolution
		{AA518572-F4A4-4C54-A92D-D32DDB05102A}.Debug|Any CPU.ActiveCfg = Debug|Any CPU
		{AA518572-F4A4-4C54-A92D-D32DDB05102A}.Debug|Any CPU.Build.0 = Debug|Any CPU
		{AA518572-F4A4-4C54-A92D-D32DDB05102A}.Release|Any CPU.ActiveCfg = Release|Any CPU
		{AA518572-F4A4-4C54-A92D-D32DDB05102A}.Release|Any CPU.Build.0 = Release|Any CPU
	EndGlobalSection
	GlobalSection(SolutionProperties) = preSolution
		HideSolutionNode = FALSE
	EndGlobalSection
EndGlobal
